
Microsoft Visual Studio Solution File, Format Version 12.00
Project("{FAE04EC0-301F-11D3-BF4B-00C04F79EFBC}") = "CoreRemoting", "CoreRemoting\CoreRemoting.csproj", "{2E256F93-746B-4417-97E5-5565C684B233}"
EndProject
Project("{FAE04EC0-301F-11D3-BF4B-00C04F79EFBC}") = "CoreRemoting.Authentication.LinuxPamAuthProvider", "CoreRemoting.Authentication.LinuxPamAuthProvider\CoreRemoting.Authentication.LinuxPamAuthProvider.csproj", "{1579A6FD-DEEF-4E34-A6DD-32AAB9CA629B}"
EndProject
Project("{FAE04EC0-301F-11D3-BF4B-00C04F79EFBC}") = "CoreRemoting.Tests", "CoreRemoting.Tests\CoreRemoting.Tests.csproj", "{BDDC0B08-A4F0-423D-927D-823EDCB192C5}"
EndProject
Project("{2150E333-8FDC-42A3-9474-1A3956D46DE8}") = "Examples", "Examples", "{535616FC-4E3C-4580-A581-199D978106A1}"
EndProject
Project("{FAE04EC0-301F-11D3-BF4B-00C04F79EFBC}") = "HelloWorld.Server", "Examples\HelloWorld.Server\HelloWorld.Server.csproj", "{00EE916B-9B2C-4C5F-96E7-8E05A284AC40}"
EndProject
Project("{FAE04EC0-301F-11D3-BF4B-00C04F79EFBC}") = "HelloWorld.Client", "Examples\HelloWorld.Client\HelloWorld.Client.csproj", "{2C93CB61-6737-43DE-8FF3-54981AE4BB3B}"
EndProject
Project("{FAE04EC0-301F-11D3-BF4B-00C04F79EFBC}") = "HelloWorld.Shared", "Examples\HelloWorld.Shared\HelloWorld.Shared.csproj", "{E48875FC-7169-40F6-811C-ABB6571CB35B}"
EndProject
Global
	GlobalSection(SolutionConfigurationPlatforms) = preSolution
		Debug|Any CPU = Debug|Any CPU
		Release|Any CPU = Release|Any CPU
	EndGlobalSection
	GlobalSection(ProjectConfigurationPlatforms) = postSolution
		{2E256F93-746B-4417-97E5-5565C684B233}.Debug|Any CPU.ActiveCfg = Debug|Any CPU
		{2E256F93-746B-4417-97E5-5565C684B233}.Debug|Any CPU.Build.0 = Debug|Any CPU
		{2E256F93-746B-4417-97E5-5565C684B233}.Release|Any CPU.ActiveCfg = Release|Any CPU
		{2E256F93-746B-4417-97E5-5565C684B233}.Release|Any CPU.Build.0 = Release|Any CPU
		{1579A6FD-DEEF-4E34-A6DD-32AAB9CA629B}.Debug|Any CPU.ActiveCfg = Debug|Any CPU
		{1579A6FD-DEEF-4E34-A6DD-32AAB9CA629B}.Debug|Any CPU.Build.0 = Debug|Any CPU
		{1579A6FD-DEEF-4E34-A6DD-32AAB9CA629B}.Release|Any CPU.ActiveCfg = Release|Any CPU
		{1579A6FD-DEEF-4E34-A6DD-32AAB9CA629B}.Release|Any CPU.Build.0 = Release|Any CPU
		{BDDC0B08-A4F0-423D-927D-823EDCB192C5}.Debug|Any CPU.ActiveCfg = Debug|Any CPU
		{BDDC0B08-A4F0-423D-927D-823EDCB192C5}.Debug|Any CPU.Build.0 = Debug|Any CPU
		{BDDC0B08-A4F0-423D-927D-823EDCB192C5}.Release|Any CPU.ActiveCfg = Release|Any CPU
		{BDDC0B08-A4F0-423D-927D-823EDCB192C5}.Release|Any CPU.Build.0 = Release|Any CPU
		{00EE916B-9B2C-4C5F-96E7-8E05A284AC40}.Debug|Any CPU.ActiveCfg = Debug|Any CPU
		{00EE916B-9B2C-4C5F-96E7-8E05A284AC40}.Debug|Any CPU.Build.0 = Debug|Any CPU
		{00EE916B-9B2C-4C5F-96E7-8E05A284AC40}.Release|Any CPU.ActiveCfg = Release|Any CPU
		{00EE916B-9B2C-4C5F-96E7-8E05A284AC40}.Release|Any CPU.Build.0 = Release|Any CPU
		{2C93CB61-6737-43DE-8FF3-54981AE4BB3B}.Debug|Any CPU.ActiveCfg = Debug|Any CPU
		{2C93CB61-6737-43DE-8FF3-54981AE4BB3B}.Debug|Any CPU.Build.0 = Debug|Any CPU
		{2C93CB61-6737-43DE-8FF3-54981AE4BB3B}.Release|Any CPU.ActiveCfg = Release|Any CPU
		{2C93CB61-6737-43DE-8FF3-54981AE4BB3B}.Release|Any CPU.Build.0 = Release|Any CPU
		{E48875FC-7169-40F6-811C-ABB6571CB35B}.Debug|Any CPU.ActiveCfg = Debug|Any CPU
		{E48875FC-7169-40F6-811C-ABB6571CB35B}.Debug|Any CPU.Build.0 = Debug|Any CPU
		{E48875FC-7169-40F6-811C-ABB6571CB35B}.Release|Any CPU.ActiveCfg = Release|Any CPU
		{E48875FC-7169-40F6-811C-ABB6571CB35B}.Release|Any CPU.Build.0 = Release|Any CPU
	EndGlobalSection
	GlobalSection(NestedProjects) = preSolution
		{00EE916B-9B2C-4C5F-96E7-8E05A284AC40} = {535616FC-4E3C-4580-A581-199D978106A1}
		{2C93CB61-6737-43DE-8FF3-54981AE4BB3B} = {535616FC-4E3C-4580-A581-199D978106A1}
		{E48875FC-7169-40F6-811C-ABB6571CB35B} = {535616FC-4E3C-4580-A581-199D978106A1}
	EndGlobalSection
EndGlobal
