
Microsoft Visual Studio Solution File, Format Version 12.00
Project("{FAE04EC0-301F-11D3-BF4B-00C04F79EFBC}") = "CoreRemoting", "CoreRemoting\CoreRemoting.csproj", "{2E256F93-746B-4417-97E5-5565C684B233}"
EndProject
Project("{FAE04EC0-301F-11D3-BF4B-00C04F79EFBC}") = "CoreRemoting.Authentication.LinuxPamAuthProvider", "CoreRemoting.Authentication.LinuxPamAuthProvider\CoreRemoting.Authentication.LinuxPamAuthProvider.csproj", "{1579A6FD-DEEF-4E34-A6DD-32AAB9CA629B}"
EndProject
Project("{FAE04EC0-301F-11D3-BF4B-00C04F79EFBC}") = "CoreRemoting.Tests", "CoreRemoting.Tests\CoreRemoting.Tests.csproj", "{BDDC0B08-A4F0-423D-927D-823EDCB192C5}"
EndProject
Project("{FAE04EC0-301F-11D3-BF4B-00C04F79EFBC}") = "HelloWorld.Client", "Examples\HelloWorld\HelloWorld.Client\HelloWorld.Client.csproj", "{D0F539B2-D16E-4CA5-A371-FE59B9D836CC}"
EndProject
Project("{FAE04EC0-301F-11D3-BF4B-00C04F79EFBC}") = "HelloWorld.Shared", "Examples\HelloWorld\HelloWorld.Shared\HelloWorld.Shared.csproj", "{3D722B5E-00DD-4FFC-8057-5C3C16FEBA16}"
EndProject
Project("{FAE04EC0-301F-11D3-BF4B-00C04F79EFBC}") = "HelloWorld.Server", "Examples\HelloWorld\HelloWorld.Server\HelloWorld.Server.csproj", "{7E1B5031-0265-4BEF-B4FE-382E5CAEBA8B}"
EndProject
Project("{2150E333-8FDC-42A3-9474-1A3956D46DE8}") = "Examples", "Examples", "{A60590C3-9800-4945-AC2B-F9770370F8FE}"
EndProject
Project("{2150E333-8FDC-42A3-9474-1A3956D46DE8}") = "HelloWorld", "HelloWorld", "{530CD64A-0D82-445A-8360-30E27FD7403C}"
EndProject
Global
	GlobalSection(SolutionConfigurationPlatforms) = preSolution
		Debug|Any CPU = Debug|Any CPU
		Release|Any CPU = Release|Any CPU
	EndGlobalSection
	GlobalSection(ProjectConfigurationPlatforms) = postSolution
		{2E256F93-746B-4417-97E5-5565C684B233}.Debug|Any CPU.ActiveCfg = Debug|Any CPU
		{2E256F93-746B-4417-97E5-5565C684B233}.Debug|Any CPU.Build.0 = Debug|Any CPU
		{2E256F93-746B-4417-97E5-5565C684B233}.Release|Any CPU.ActiveCfg = Release|Any CPU
		{2E256F93-746B-4417-97E5-5565C684B233}.Release|Any CPU.Build.0 = Release|Any CPU
		{1579A6FD-DEEF-4E34-A6DD-32AAB9CA629B}.Debug|Any CPU.ActiveCfg = Debug|Any CPU
		{1579A6FD-DEEF-4E34-A6DD-32AAB9CA629B}.Debug|Any CPU.Build.0 = Debug|Any CPU
		{1579A6FD-DEEF-4E34-A6DD-32AAB9CA629B}.Release|Any CPU.ActiveCfg = Release|Any CPU
		{1579A6FD-DEEF-4E34-A6DD-32AAB9CA629B}.Release|Any CPU.Build.0 = Release|Any CPU
		{BDDC0B08-A4F0-423D-927D-823EDCB192C5}.Debug|Any CPU.ActiveCfg = Debug|Any CPU
		{BDDC0B08-A4F0-423D-927D-823EDCB192C5}.Debug|Any CPU.Build.0 = Debug|Any CPU
		{BDDC0B08-A4F0-423D-927D-823EDCB192C5}.Release|Any CPU.ActiveCfg = Release|Any CPU
		{BDDC0B08-A4F0-423D-927D-823EDCB192C5}.Release|Any CPU.Build.0 = Release|Any CPU
		{D0F539B2-D16E-4CA5-A371-FE59B9D836CC}.Debug|Any CPU.ActiveCfg = Debug|Any CPU
		{D0F539B2-D16E-4CA5-A371-FE59B9D836CC}.Debug|Any CPU.Build.0 = Debug|Any CPU
		{D0F539B2-D16E-4CA5-A371-FE59B9D836CC}.Release|Any CPU.ActiveCfg = Release|Any CPU
		{D0F539B2-D16E-4CA5-A371-FE59B9D836CC}.Release|Any CPU.Build.0 = Release|Any CPU
		{3D722B5E-00DD-4FFC-8057-5C3C16FEBA16}.Debug|Any CPU.ActiveCfg = Debug|Any CPU
		{3D722B5E-00DD-4FFC-8057-5C3C16FEBA16}.Debug|Any CPU.Build.0 = Debug|Any CPU
		{3D722B5E-00DD-4FFC-8057-5C3C16FEBA16}.Release|Any CPU.ActiveCfg = Release|Any CPU
		{3D722B5E-00DD-4FFC-8057-5C3C16FEBA16}.Release|Any CPU.Build.0 = Release|Any CPU
		{7E1B5031-0265-4BEF-B4FE-382E5CAEBA8B}.Debug|Any CPU.ActiveCfg = Debug|Any CPU
		{7E1B5031-0265-4BEF-B4FE-382E5CAEBA8B}.Debug|Any CPU.Build.0 = Debug|Any CPU
		{7E1B5031-0265-4BEF-B4FE-382E5CAEBA8B}.Release|Any CPU.ActiveCfg = Release|Any CPU
		{7E1B5031-0265-4BEF-B4FE-382E5CAEBA8B}.Release|Any CPU.Build.0 = Release|Any CPU
	EndGlobalSection
	GlobalSection(NestedProjects) = preSolution
		{530CD64A-0D82-445A-8360-30E27FD7403C} = {A60590C3-9800-4945-AC2B-F9770370F8FE}
		{D0F539B2-D16E-4CA5-A371-FE59B9D836CC} = {530CD64A-0D82-445A-8360-30E27FD7403C}
		{7E1B5031-0265-4BEF-B4FE-382E5CAEBA8B} = {530CD64A-0D82-445A-8360-30E27FD7403C}
		{3D722B5E-00DD-4FFC-8057-5C3C16FEBA16} = {530CD64A-0D82-445A-8360-30E27FD7403C}
	EndGlobalSection
EndGlobal
