
Microsoft Visual Studio Solution File, Format Version 12.00
# Visual Studio Version 16
VisualStudioVersion = 16.0.31205.134
MinimumVisualStudioVersion = 10.0.40219.1
Project("{FAE04EC0-301F-11D3-BF4B-00C04F79EFBC}") = "MigratedTaskDemoAppNetRemoting.Shared", "MigratedTaskDemoAppNetRemoting.Shared\MigratedTaskDemoAppNetRemoting.Shared.csproj", "{3BB4E161-26A9-46A5-8453-CC368AEAB121}"
EndProject
Project("{FAE04EC0-301F-11D3-BF4B-00C04F79EFBC}") = "MigratedTaskDemoAppNetRemoting.Client", "MigratedTaskDemoAppNetRemoting.Client\MigratedTaskDemoAppNetRemoting.Client.csproj", "{11EA3984-F501-484F-9D7B-307F562E9604}"
EndProject
Project("{FAE04EC0-301F-11D3-BF4B-00C04F79EFBC}") = "MigratedTaskDemoAppNetRemoting.Server", "MigratedTaskDemoAppNetRemoting.Server\MigratedTaskDemoAppNetRemoting.Server.csproj", "{CDCF647F-3AA9-45A9-BDA2-E2087BFDE3DA}"
EndProject
Global
	GlobalSection(SolutionConfigurationPlatforms) = preSolution
		Debug|Any CPU = Debug|Any CPU
		Release|Any CPU = Release|Any CPU
	EndGlobalSection
	GlobalSection(ProjectConfigurationPlatforms) = postSolution
		{3BB4E161-26A9-46A5-8453-CC368AEAB121}.Debug|Any CPU.ActiveCfg = Debug|Any CPU
		{3BB4E161-26A9-46A5-8453-CC368AEAB121}.Debug|Any CPU.Build.0 = Debug|Any CPU
		{3BB4E161-26A9-46A5-8453-CC368AEAB121}.Release|Any CPU.ActiveCfg = Release|Any CPU
		{3BB4E161-26A9-46A5-8453-CC368AEAB121}.Release|Any CPU.Build.0 = Release|Any CPU
		{11EA3984-F501-484F-9D7B-307F562E9604}.Debug|Any CPU.ActiveCfg = Debug|Any CPU
		{11EA3984-F501-484F-9D7B-307F562E9604}.Debug|Any CPU.Build.0 = Debug|Any CPU
		{11EA3984-F501-484F-9D7B-307F562E9604}.Release|Any CPU.ActiveCfg = Release|Any CPU
		{11EA3984-F501-484F-9D7B-307F562E9604}.Release|Any CPU.Build.0 = Release|Any CPU
		{CDCF647F-3AA9-45A9-BDA2-E2087BFDE3DA}.Debug|Any CPU.ActiveCfg = Debug|Any CPU
		{CDCF647F-3AA9-45A9-BDA2-E2087BFDE3DA}.Debug|Any CPU.Build.0 = Debug|Any CPU
		{CDCF647F-3AA9-45A9-BDA2-E2087BFDE3DA}.Release|Any CPU.ActiveCfg = Release|Any CPU
		{CDCF647F-3AA9-45A9-BDA2-E2087BFDE3DA}.Release|Any CPU.Build.0 = Release|Any CPU
	EndGlobalSection
	GlobalSection(SolutionProperties) = preSolution
		HideSolutionNode = FALSE
	EndGlobalSection
	GlobalSection(ExtensibilityGlobals) = postSolution
		SolutionGuid = {C0CBA195-5F9F-4561-AD68-F3E445EF24EF}
	EndGlobalSection
EndGlobal
