
Microsoft Visual Studio Solution File, Format Version 12.00
Project("{FAE04EC0-301F-11D3-BF4B-00C04F79EFBC}") = "TaskDemoAppNetRemoting.Server", "TaskDemoAppNetRemoting.Server\TaskDemoAppNetRemoting.Server.csproj", "{CDCF647F-3AA9-45A9-BDA2-E2087BFDE3DA}"
EndProject
Project("{FAE04EC0-301F-11D3-BF4B-00C04F79EFBC}") = "TaskDemoAppNetRemoting.Shared", "TaskDemoAppNetRemoting.Shared\TaskDemoAppNetRemoting.Shared.csproj", "{3BB4E161-26A9-46A5-8453-CC368AEAB121}"
EndProject
Project("{FAE04EC0-301F-11D3-BF4B-00C04F79EFBC}") = "TaskDemoAppNetRemoting.Client", "TaskDemoAppNetRemoting.Client\TaskDemoAppNetRemoting.Client.csproj", "{11EA3984-F501-484F-9D7B-307F562E9604}"
EndProject
Global
	GlobalSection(SolutionConfigurationPlatforms) = preSolution
		Debug|Any CPU = Debug|Any CPU
		Release|Any CPU = Release|Any CPU
	EndGlobalSection
	GlobalSection(ProjectConfigurationPlatforms) = postSolution
		{CDCF647F-3AA9-45A9-BDA2-E2087BFDE3DA}.Debug|Any CPU.ActiveCfg = Debug|Any CPU
		{CDCF647F-3AA9-45A9-BDA2-E2087BFDE3DA}.Debug|Any CPU.Build.0 = Debug|Any CPU
		{CDCF647F-3AA9-45A9-BDA2-E2087BFDE3DA}.Release|Any CPU.ActiveCfg = Release|Any CPU
		{CDCF647F-3AA9-45A9-BDA2-E2087BFDE3DA}.Release|Any CPU.Build.0 = Release|Any CPU
		{3BB4E161-26A9-46A5-8453-CC368AEAB121}.Debug|Any CPU.ActiveCfg = Debug|Any CPU
		{3BB4E161-26A9-46A5-8453-CC368AEAB121}.Debug|Any CPU.Build.0 = Debug|Any CPU
		{3BB4E161-26A9-46A5-8453-CC368AEAB121}.Release|Any CPU.ActiveCfg = Release|Any CPU
		{3BB4E161-26A9-46A5-8453-CC368AEAB121}.Release|Any CPU.Build.0 = Release|Any CPU
		{11EA3984-F501-484F-9D7B-307F562E9604}.Debug|Any CPU.ActiveCfg = Debug|Any CPU
		{11EA3984-F501-484F-9D7B-307F562E9604}.Debug|Any CPU.Build.0 = Debug|Any CPU
		{11EA3984-F501-484F-9D7B-307F562E9604}.Release|Any CPU.ActiveCfg = Release|Any CPU
		{11EA3984-F501-484F-9D7B-307F562E9604}.Release|Any CPU.Build.0 = Release|Any CPU
	EndGlobalSection
EndGlobal
